
Microsoft Visual Studio Solution File, Format Version 12.00
# Visual Studio 14
VisualStudioVersion = 14.0.25123.0
MinimumVisualStudioVersion = 10.0.40219.1
Project("{FAE04EC0-301F-11D3-BF4B-00C04F79EFBC}") = "TP2 Anthony Robert", "TP2 Anthony Robert\TP2 Anthony Robert.csproj", "{CE6928B0-B6AB-4210-B8A9-7B9815D54122}"
EndProject
Global
	GlobalSection(SolutionConfigurationPlatforms) = preSolution
		Debug|Any CPU = Debug|Any CPU
		Release|Any CPU = Release|Any CPU
	EndGlobalSection
	GlobalSection(ProjectConfigurationPlatforms) = postSolution
		{CE6928B0-B6AB-4210-B8A9-7B9815D54122}.Debug|Any CPU.ActiveCfg = Debug|Any CPU
		{CE6928B0-B6AB-4210-B8A9-7B9815D54122}.Debug|Any CPU.Build.0 = Debug|Any CPU
		{CE6928B0-B6AB-4210-B8A9-7B9815D54122}.Release|Any CPU.ActiveCfg = Release|Any CPU
		{CE6928B0-B6AB-4210-B8A9-7B9815D54122}.Release|Any CPU.Build.0 = Release|Any CPU
	EndGlobalSection
	GlobalSection(SolutionProperties) = preSolution
		HideSolutionNode = FALSE
	EndGlobalSection
EndGlobal
